
Microsoft Visual Studio Solution File, Format Version 12.00
# Visual Studio Version 17
VisualStudioVersion = 17.8.34511.84
MinimumVisualStudioVersion = 10.0.40219.1
Project("{9A19103F-16F7-4668-BE54-9A1E7A4F7556}") = "Play.Catalog.Constracts", "Play.Catalog.Constracts.csproj", "{4F891C57-BBD2-4A57-B3E4-7FD993642876}"
EndProject
Global
	GlobalSection(SolutionConfigurationPlatforms) = preSolution
		Debug|Any CPU = Debug|Any CPU
		Release|Any CPU = Release|Any CPU
	EndGlobalSection
	GlobalSection(ProjectConfigurationPlatforms) = postSolution
		{4F891C57-BBD2-4A57-B3E4-7FD993642876}.Debug|Any CPU.ActiveCfg = Debug|Any CPU
		{4F891C57-BBD2-4A57-B3E4-7FD993642876}.Debug|Any CPU.Build.0 = Debug|Any CPU
		{4F891C57-BBD2-4A57-B3E4-7FD993642876}.Release|Any CPU.ActiveCfg = Release|Any CPU
		{4F891C57-BBD2-4A57-B3E4-7FD993642876}.Release|Any CPU.Build.0 = Release|Any CPU
	EndGlobalSection
	GlobalSection(SolutionProperties) = preSolution
		HideSolutionNode = FALSE
	EndGlobalSection
	GlobalSection(ExtensibilityGlobals) = postSolution
		SolutionGuid = {A4B55D05-3753-487E-A035-90F4C757F75E}
	EndGlobalSection
EndGlobal
